
Microsoft Visual Studio Solution File, Format Version 12.00
Project("{FAE04EC0-301F-11D3-BF4B-00C04F79EFBC}") = "ConvertAvif", "ConvertAvif\ConvertAvif.csproj", "{DE3B087F-B0DD-4525-90AF-FA0A98D3F23F}"
EndProject
Global
	GlobalSection(SolutionConfigurationPlatforms) = preSolution
		Debug|Any CPU = Debug|Any CPU
		Release|Any CPU = Release|Any CPU
	EndGlobalSection
	GlobalSection(ProjectConfigurationPlatforms) = postSolution
		{DE3B087F-B0DD-4525-90AF-FA0A98D3F23F}.Debug|Any CPU.ActiveCfg = Debug|Any CPU
		{DE3B087F-B0DD-4525-90AF-FA0A98D3F23F}.Debug|Any CPU.Build.0 = Debug|Any CPU
		{DE3B087F-B0DD-4525-90AF-FA0A98D3F23F}.Release|Any CPU.ActiveCfg = Release|Any CPU
		{DE3B087F-B0DD-4525-90AF-FA0A98D3F23F}.Release|Any CPU.Build.0 = Release|Any CPU
	EndGlobalSection
EndGlobal
