
Microsoft Visual Studio Solution File, Format Version 12.00
Project("{FAE04EC0-301F-11D3-BF4B-00C04F79EFBC}") = "ConvertAvif", "ConvertAvif\ConvertAvif.csproj", "{DE3B087F-B0DD-4525-90AF-FA0A98D3F23F}"
EndProject
Project("{FAE04EC0-301F-11D3-BF4B-00C04F79EFBC}") = "ConvertAvif.Tests", "ConvertAvif.Tests\ConvertAvif.Tests.csproj", "{F513F6B6-C80F-4D17-9C73-8B450AC57776}"
EndProject
Project("{FAE04EC0-301F-11D3-BF4B-00C04F79EFBC}") = "ConvertAvifCUI", "ConvertAvifCUI\ConvertAvifCUI.csproj", "{DABFF41E-0F0C-486D-BBD8-F7423C349F95}"
EndProject
Project("{FAE04EC0-301F-11D3-BF4B-00C04F79EFBC}") = "ConvertAvifGUI", "ConvertAvifGUI\ConvertAvifGUI.csproj", "{9B1F92AD-B050-4170-8060-210C26E0CD8D}"
EndProject
Global
	GlobalSection(SolutionConfigurationPlatforms) = preSolution
		Debug|Any CPU = Debug|Any CPU
		Debug|x64 = Debug|x64
		Debug|x86 = Debug|x86
		Release|Any CPU = Release|Any CPU
		Release|x64 = Release|x64
		Release|x86 = Release|x86
	EndGlobalSection
	GlobalSection(ProjectConfigurationPlatforms) = postSolution
		{DE3B087F-B0DD-4525-90AF-FA0A98D3F23F}.Debug|Any CPU.ActiveCfg = Debug|Any CPU
		{DE3B087F-B0DD-4525-90AF-FA0A98D3F23F}.Debug|Any CPU.Build.0 = Debug|Any CPU
		{DE3B087F-B0DD-4525-90AF-FA0A98D3F23F}.Debug|x64.ActiveCfg = Debug|Any CPU
		{DE3B087F-B0DD-4525-90AF-FA0A98D3F23F}.Debug|x64.Build.0 = Debug|Any CPU
		{DE3B087F-B0DD-4525-90AF-FA0A98D3F23F}.Debug|x86.ActiveCfg = Debug|Any CPU
		{DE3B087F-B0DD-4525-90AF-FA0A98D3F23F}.Debug|x86.Build.0 = Debug|Any CPU
		{DE3B087F-B0DD-4525-90AF-FA0A98D3F23F}.Release|Any CPU.ActiveCfg = Release|Any CPU
		{DE3B087F-B0DD-4525-90AF-FA0A98D3F23F}.Release|Any CPU.Build.0 = Release|Any CPU
		{DE3B087F-B0DD-4525-90AF-FA0A98D3F23F}.Release|x64.ActiveCfg = Release|Any CPU
		{DE3B087F-B0DD-4525-90AF-FA0A98D3F23F}.Release|x64.Build.0 = Release|Any CPU
		{DE3B087F-B0DD-4525-90AF-FA0A98D3F23F}.Release|x86.ActiveCfg = Release|Any CPU
		{DE3B087F-B0DD-4525-90AF-FA0A98D3F23F}.Release|x86.Build.0 = Release|Any CPU
		{F513F6B6-C80F-4D17-9C73-8B450AC57776}.Debug|Any CPU.ActiveCfg = Debug|Any CPU
		{F513F6B6-C80F-4D17-9C73-8B450AC57776}.Debug|Any CPU.Build.0 = Debug|Any CPU
		{F513F6B6-C80F-4D17-9C73-8B450AC57776}.Debug|x64.ActiveCfg = Debug|Any CPU
		{F513F6B6-C80F-4D17-9C73-8B450AC57776}.Debug|x64.Build.0 = Debug|Any CPU
		{F513F6B6-C80F-4D17-9C73-8B450AC57776}.Debug|x86.ActiveCfg = Debug|Any CPU
		{F513F6B6-C80F-4D17-9C73-8B450AC57776}.Debug|x86.Build.0 = Debug|Any CPU
		{F513F6B6-C80F-4D17-9C73-8B450AC57776}.Release|Any CPU.ActiveCfg = Release|Any CPU
		{F513F6B6-C80F-4D17-9C73-8B450AC57776}.Release|Any CPU.Build.0 = Release|Any CPU
		{F513F6B6-C80F-4D17-9C73-8B450AC57776}.Release|x64.ActiveCfg = Release|Any CPU
		{F513F6B6-C80F-4D17-9C73-8B450AC57776}.Release|x64.Build.0 = Release|Any CPU
		{F513F6B6-C80F-4D17-9C73-8B450AC57776}.Release|x86.ActiveCfg = Release|Any CPU
		{F513F6B6-C80F-4D17-9C73-8B450AC57776}.Release|x86.Build.0 = Release|Any CPU
		{DABFF41E-0F0C-486D-BBD8-F7423C349F95}.Debug|Any CPU.ActiveCfg = Debug|Any CPU
		{DABFF41E-0F0C-486D-BBD8-F7423C349F95}.Debug|Any CPU.Build.0 = Debug|Any CPU
		{DABFF41E-0F0C-486D-BBD8-F7423C349F95}.Debug|x64.ActiveCfg = Debug|Any CPU
		{DABFF41E-0F0C-486D-BBD8-F7423C349F95}.Debug|x64.Build.0 = Debug|Any CPU
		{DABFF41E-0F0C-486D-BBD8-F7423C349F95}.Debug|x86.ActiveCfg = Debug|Any CPU
		{DABFF41E-0F0C-486D-BBD8-F7423C349F95}.Debug|x86.Build.0 = Debug|Any CPU
		{DABFF41E-0F0C-486D-BBD8-F7423C349F95}.Release|Any CPU.ActiveCfg = Release|Any CPU
		{DABFF41E-0F0C-486D-BBD8-F7423C349F95}.Release|Any CPU.Build.0 = Release|Any CPU
		{DABFF41E-0F0C-486D-BBD8-F7423C349F95}.Release|x64.ActiveCfg = Release|Any CPU
		{DABFF41E-0F0C-486D-BBD8-F7423C349F95}.Release|x64.Build.0 = Release|Any CPU
		{DABFF41E-0F0C-486D-BBD8-F7423C349F95}.Release|x86.ActiveCfg = Release|Any CPU
		{DABFF41E-0F0C-486D-BBD8-F7423C349F95}.Release|x86.Build.0 = Release|Any CPU
		{9B1F92AD-B050-4170-8060-210C26E0CD8D}.Debug|Any CPU.ActiveCfg = Debug|Any CPU
		{9B1F92AD-B050-4170-8060-210C26E0CD8D}.Debug|Any CPU.Build.0 = Debug|Any CPU
		{9B1F92AD-B050-4170-8060-210C26E0CD8D}.Debug|x64.ActiveCfg = Debug|Any CPU
		{9B1F92AD-B050-4170-8060-210C26E0CD8D}.Debug|x64.Build.0 = Debug|Any CPU
		{9B1F92AD-B050-4170-8060-210C26E0CD8D}.Debug|x86.ActiveCfg = Debug|Any CPU
		{9B1F92AD-B050-4170-8060-210C26E0CD8D}.Debug|x86.Build.0 = Debug|Any CPU
		{9B1F92AD-B050-4170-8060-210C26E0CD8D}.Release|Any CPU.ActiveCfg = Release|Any CPU
		{9B1F92AD-B050-4170-8060-210C26E0CD8D}.Release|Any CPU.Build.0 = Release|Any CPU
		{9B1F92AD-B050-4170-8060-210C26E0CD8D}.Release|x64.ActiveCfg = Release|Any CPU
		{9B1F92AD-B050-4170-8060-210C26E0CD8D}.Release|x64.Build.0 = Release|Any CPU
		{9B1F92AD-B050-4170-8060-210C26E0CD8D}.Release|x86.ActiveCfg = Release|Any CPU
		{9B1F92AD-B050-4170-8060-210C26E0CD8D}.Release|x86.Build.0 = Release|Any CPU
	EndGlobalSection
	GlobalSection(SolutionProperties) = preSolution
		HideSolutionNode = FALSE
	EndGlobalSection
EndGlobal
